
Microsoft Visual Studio Solution File, Format Version 12.00
# Visual Studio Version 16
VisualStudioVersion = 16.0.30907.101
MinimumVisualStudioVersion = 10.0.40219.1
Project("{FAE04EC0-301F-11D3-BF4B-00C04F79EFBC}") = "Lab2", "Lab2.csproj", "{AE58AB57-95AF-4F3D-A906-BD2BEBDACAFE}"
EndProject
Global
	GlobalSection(SolutionConfigurationPlatforms) = preSolution
		Debug|Any CPU = Debug|Any CPU
		Release|Any CPU = Release|Any CPU
	EndGlobalSection
	GlobalSection(ProjectConfigurationPlatforms) = postSolution
		{AE58AB57-95AF-4F3D-A906-BD2BEBDACAFE}.Debug|Any CPU.ActiveCfg = Debug|Any CPU
		{AE58AB57-95AF-4F3D-A906-BD2BEBDACAFE}.Debug|Any CPU.Build.0 = Debug|Any CPU
		{AE58AB57-95AF-4F3D-A906-BD2BEBDACAFE}.Release|Any CPU.ActiveCfg = Release|Any CPU
		{AE58AB57-95AF-4F3D-A906-BD2BEBDACAFE}.Release|Any CPU.Build.0 = Release|Any CPU
	EndGlobalSection
	GlobalSection(SolutionProperties) = preSolution
		HideSolutionNode = FALSE
	EndGlobalSection
	GlobalSection(ExtensibilityGlobals) = postSolution
		SolutionGuid = {461888D3-A68A-47AC-B5C1-E02D29FC6A93}
	EndGlobalSection
EndGlobal
